{
  "name": "SteakLasagne",
  "lockfileVersion": 2,
  "requires": true,
  "packages": {
    "": {
      "dependencies": {
        "keycloak-angular": "^9.1.0",
        "keycloak-js": "^16.1.1"
      }
    },
    "node_modules/@angular/common": {
      "version": "13.3.6",
      "resolved": "https://registry.npmjs.org/@angular/common/-/common-13.3.6.tgz",
      "integrity": "sha512-IHWzyNzrvzdE23P7KX3qDgmT+xGpmXKaMLDEM9s8l2opKcMerjdullrYXwLfjFQr9pybnn+uE9fzj9dp0DCmzg==",
      "peer": true,
      "dependencies": {
        "tslib": "^2.3.0"
      },
      "engines": {
        "node": "^12.20.0 || ^14.15.0 || >=16.10.0"
      },
      "peerDependencies": {
        "@angular/core": "13.3.6",
        "rxjs": "^6.5.3 || ^7.4.0"
      }
    },
    "node_modules/@angular/core": {
      "version": "13.3.6",
      "resolved": "https://registry.npmjs.org/@angular/core/-/core-13.3.6.tgz",
      "integrity": "sha512-Le9kWVny8jT8UXoWUFFF641howw8h//PK+juDHDU2M6DpR24zxnBKdTwVvjjtCyfMBMiC50JY5YRnYfpaEC27w==",
      "peer": true,
      "dependencies": {
        "tslib": "^2.3.0"
      },
      "engines": {
        "node": "^12.20.0 || ^14.15.0 || >=16.10.0"
      },
      "peerDependencies": {
        "rxjs": "^6.5.3 || ^7.4.0",
        "zone.js": "~0.11.4"
      }
    },
    "node_modules/@angular/platform-browser": {
      "version": "13.3.6",
      "resolved": "https://registry.npmjs.org/@angular/platform-browser/-/platform-browser-13.3.6.tgz",
      "integrity": "sha512-ilzlMQe7Vg5fMnzUoe01SwBCjruJy2xna/jdXND4xHyntk2bUtOHOBnkwCiN3uAWDg228iS2tWKDbYGKoiRYmQ==",
      "peer": true,
      "dependencies": {
        "tslib": "^2.3.0"
      },
      "engines": {
        "node": "^12.20.0 || ^14.15.0 || >=16.10.0"
      },
      "peerDependencies": {
        "@angular/animations": "13.3.6",
        "@angular/common": "13.3.6",
        "@angular/core": "13.3.6"
      },
      "peerDependenciesMeta": {
        "@angular/animations": {
          "optional": true
        }
      }
    },
    "node_modules/@angular/router": {
      "version": "13.3.6",
      "resolved": "https://registry.npmjs.org/@angular/router/-/router-13.3.6.tgz",
      "integrity": "sha512-XN3kaDdrqq/2JJbVaOs5pznsfOPwaqO99TADmWtwHlrrqBk7DUW730YijaCE6HZCZSjFpykUGVz3J1aXSULU2Q==",
      "peer": true,
      "dependencies": {
        "tslib": "^2.3.0"
      },
      "engines": {
        "node": "^12.20.0 || ^14.15.0 || >=16.10.0"
      },
      "peerDependencies": {
        "@angular/common": "13.3.6",
        "@angular/core": "13.3.6",
        "@angular/platform-browser": "13.3.6",
        "rxjs": "^6.5.3 || ^7.4.0"
      }
    },
    "node_modules/base64-js": {
      "version": "1.3.1",
      "resolved": "https://registry.npmjs.org/base64-js/-/base64-js-1.3.1.tgz",
      "integrity": "sha512-mLQ4i2QO1ytvGWFWmcngKO//JXAQueZvwEKtjgQFM4jIK0kU+ytMfplL8j+n5mspOfjHwoAg+9yhb7BwAHm36g=="
    },
    "node_modules/js-sha256": {
      "version": "0.9.0",
      "resolved": "https://registry.npmjs.org/js-sha256/-/js-sha256-0.9.0.tgz",
      "integrity": "sha512-sga3MHh9sgQN2+pJ9VYZ+1LPwXOxuBJBA5nrR5/ofPfuiJBE2hnjsaN8se8JznOmGLN2p49Pe5U/ttafcs/apA=="
    },
    "node_modules/keycloak-angular": {
      "version": "9.1.0",
      "resolved": "https://registry.npmjs.org/keycloak-angular/-/keycloak-angular-9.1.0.tgz",
      "integrity": "sha512-ATxVOfxMaBHMOIdGIXDXqQwVhKl0CqCBwg7BabwWToA41jJdV/pBR+QeF3XkBEuvowXfr3bAW2aOfNSXLUJUeg==",
      "dependencies": {
        "tslib": "^2.0.0"
      },
      "peerDependencies": {
        "@angular/common": "^11 || ^12 || ^13",
        "@angular/core": "^11 || ^12 || ^13",
        "@angular/router": "^11 || ^12 || ^13",
        "keycloak-js": "^10 || ^11 || ^12 || ^13 || ^14 || ^15 || ^16"
      }
    },
    "node_modules/keycloak-js": {
      "version": "16.1.1",
      "resolved": "https://registry.npmjs.org/keycloak-js/-/keycloak-js-16.1.1.tgz",
      "integrity": "sha512-AkRNIJFSMLfQKIBKK31UL4FGI59MQFf68Bf8I+PFbOSKNtnfGVPYLiZeJgy03Kv5ddswHBjVZOY5T0f5RpZpLw==",
      "dependencies": {
        "base64-js": "1.3.1",
        "js-sha256": "0.9.0"
      }
    },
    "node_modules/rxjs": {
      "version": "7.5.5",
      "resolved": "https://registry.npmjs.org/rxjs/-/rxjs-7.5.5.tgz",
      "integrity": "sha512-sy+H0pQofO95VDmFLzyaw9xNJU4KTRSwQIGM6+iG3SypAtCiLDzpeG8sJrNCWn2Up9km+KhkvTdbkrdy+yzZdw==",
      "peer": true,
      "dependencies": {
        "tslib": "^2.1.0"
      }
    },
    "node_modules/tslib": {
      "version": "2.4.0",
      "resolved": "https://registry.npmjs.org/tslib/-/tslib-2.4.0.tgz",
      "integrity": "sha512-d6xOpEDfsi2CZVlPQzGeux8XMwLT9hssAsaPYExaQMuYskwb+x1x7J371tWlbBdWHroy99KnVB6qIkUbs5X3UQ=="
    },
    "node_modules/zone.js": {
      "version": "0.11.5",
      "resolved": "https://registry.npmjs.org/zone.js/-/zone.js-0.11.5.tgz",
      "integrity": "sha512-D1/7VxEuQ7xk6z/kAROe4SUbd9CzxY4zOwVGnGHerd/SgLIVU5f4esDzQUsOCeArn933BZfWMKydH7l7dPEp0g==",
      "peer": true,
      "dependencies": {
        "tslib": "^2.3.0"
      }
    }
  },
  "dependencies": {
    "@angular/common": {
      "version": "13.3.6",
      "resolved": "https://registry.npmjs.org/@angular/common/-/common-13.3.6.tgz",
      "integrity": "sha512-IHWzyNzrvzdE23P7KX3qDgmT+xGpmXKaMLDEM9s8l2opKcMerjdullrYXwLfjFQr9pybnn+uE9fzj9dp0DCmzg==",
      "peer": true,
      "requires": {
        "tslib": "^2.3.0"
      }
    },
    "@angular/core": {
      "version": "13.3.6",
      "resolved": "https://registry.npmjs.org/@angular/core/-/core-13.3.6.tgz",
      "integrity": "sha512-Le9kWVny8jT8UXoWUFFF641howw8h//PK+juDHDU2M6DpR24zxnBKdTwVvjjtCyfMBMiC50JY5YRnYfpaEC27w==",
      "peer": true,
      "requires": {
        "tslib": "^2.3.0"
      }
    },
    "@angular/platform-browser": {
      "version": "13.3.6",
      "resolved": "https://registry.npmjs.org/@angular/platform-browser/-/platform-browser-13.3.6.tgz",
      "integrity": "sha512-ilzlMQe7Vg5fMnzUoe01SwBCjruJy2xna/jdXND4xHyntk2bUtOHOBnkwCiN3uAWDg228iS2tWKDbYGKoiRYmQ==",
      "peer": true,
      "requires": {
        "tslib": "^2.3.0"
      }
    },
    "@angular/router": {
      "version": "13.3.6",
      "resolved": "https://registry.npmjs.org/@angular/router/-/router-13.3.6.tgz",
      "integrity": "sha512-XN3kaDdrqq/2JJbVaOs5pznsfOPwaqO99TADmWtwHlrrqBk7DUW730YijaCE6HZCZSjFpykUGVz3J1aXSULU2Q==",
      "peer": true,
      "requires": {
        "tslib": "^2.3.0"
      }
    },
    "base64-js": {
      "version": "1.3.1",
      "resolved": "https://registry.npmjs.org/base64-js/-/base64-js-1.3.1.tgz",
      "integrity": "sha512-mLQ4i2QO1ytvGWFWmcngKO//JXAQueZvwEKtjgQFM4jIK0kU+ytMfplL8j+n5mspOfjHwoAg+9yhb7BwAHm36g=="
    },
    "js-sha256": {
      "version": "0.9.0",
      "resolved": "https://registry.npmjs.org/js-sha256/-/js-sha256-0.9.0.tgz",
      "integrity": "sha512-sga3MHh9sgQN2+pJ9VYZ+1LPwXOxuBJBA5nrR5/ofPfuiJBE2hnjsaN8se8JznOmGLN2p49Pe5U/ttafcs/apA=="
    },
    "keycloak-angular": {
      "version": "9.1.0",
      "resolved": "https://registry.npmjs.org/keycloak-angular/-/keycloak-angular-9.1.0.tgz",
      "integrity": "sha512-ATxVOfxMaBHMOIdGIXDXqQwVhKl0CqCBwg7BabwWToA41jJdV/pBR+QeF3XkBEuvowXfr3bAW2aOfNSXLUJUeg==",
      "requires": {
        "tslib": "^2.0.0"
      }
    },
    "keycloak-js": {
      "version": "16.1.1",
      "resolved": "https://registry.npmjs.org/keycloak-js/-/keycloak-js-16.1.1.tgz",
      "integrity": "sha512-AkRNIJFSMLfQKIBKK31UL4FGI59MQFf68Bf8I+PFbOSKNtnfGVPYLiZeJgy03Kv5ddswHBjVZOY5T0f5RpZpLw==",
      "requires": {
        "base64-js": "1.3.1",
        "js-sha256": "0.9.0"
      }
    },
    "rxjs": {
      "version": "7.5.5",
      "resolved": "https://registry.npmjs.org/rxjs/-/rxjs-7.5.5.tgz",
      "integrity": "sha512-sy+H0pQofO95VDmFLzyaw9xNJU4KTRSwQIGM6+iG3SypAtCiLDzpeG8sJrNCWn2Up9km+KhkvTdbkrdy+yzZdw==",
      "peer": true,
      "requires": {
        "tslib": "^2.1.0"
      }
    },
    "tslib": {
      "version": "2.4.0",
      "resolved": "https://registry.npmjs.org/tslib/-/tslib-2.4.0.tgz",
      "integrity": "sha512-d6xOpEDfsi2CZVlPQzGeux8XMwLT9hssAsaPYExaQMuYskwb+x1x7J371tWlbBdWHroy99KnVB6qIkUbs5X3UQ=="
    },
    "zone.js": {
      "version": "0.11.5",
      "resolved": "https://registry.npmjs.org/zone.js/-/zone.js-0.11.5.tgz",
      "integrity": "sha512-D1/7VxEuQ7xk6z/kAROe4SUbd9CzxY4zOwVGnGHerd/SgLIVU5f4esDzQUsOCeArn933BZfWMKydH7l7dPEp0g==",
      "peer": true,
      "requires": {
        "tslib": "^2.3.0"
      }
    }
  }
}
